// !$*UTF8*$!
{
	archiveVersion = 1;
	classes = {
	};
	objectVersion = 55;
	objects = {

/* Begin PBXBuildFile section */
		F099DE482911C74300367498 /* AppDelegate.swift in Sources */ = {isa = PBXBuildFile; fileRef = F099DE472911C74300367498 /* AppDelegate.swift */; };
		F099DE4C2911C74300367498 /* MainTabBarViewController.swift in Sources */ = {isa = PBXBuildFile; fileRef = F099DE4B2911C74300367498 /* MainTabBarViewController.swift */; };
		F099DE512911C74300367498 /* Assets.xcassets in Resources */ = {isa = PBXBuildFile; fileRef = F099DE502911C74300367498 /* Assets.xcassets */; };
		F099DE542911C74300367498 /* LaunchScreen.storyboard in Resources */ = {isa = PBXBuildFile; fileRef = F099DE522911C74300367498 /* LaunchScreen.storyboard */; };
		F099DE5E2911CF5400367498 /* HomeViewController.swift in Sources */ = {isa = PBXBuildFile; fileRef = F099DE5D2911CF5400367498 /* HomeViewController.swift */; };
		F099DE602911CF5F00367498 /* SearchViewController.swift in Sources */ = {isa = PBXBuildFile; fileRef = F099DE5F2911CF5F00367498 /* SearchViewController.swift */; };
		F099DE622911CF6A00367498 /* NotificationsViewController.swift in Sources */ = {isa = PBXBuildFile; fileRef = F099DE612911CF6A00367498 /* NotificationsViewController.swift */; };
		F099DE642911CF7700367498 /* DirectMessagesViewController.swift in Sources */ = {isa = PBXBuildFile; fileRef = F099DE632911CF7700367498 /* DirectMessagesViewController.swift */; };
		F09B99272912A81A0072F739 /* TweetTableViewCell.swift in Sources */ = {isa = PBXBuildFile; fileRef = F09B99262912A81A0072F739 /* TweetTableViewCell.swift */; };
		F09B992A2912A8FF0072F739 /* SnapKit in Frameworks */ = {isa = PBXBuildFile; productRef = F09B99292912A8FF0072F739 /* SnapKit */; };
		F09B992D2912E6560072F739 /* ProfileViewController.swift in Sources */ = {isa = PBXBuildFile; fileRef = F09B992C2912E6560072F739 /* ProfileViewController.swift */; };
		F09B992F2912EE2F0072F739 /* ProfileTableViewHeader.swift in Sources */ = {isa = PBXBuildFile; fileRef = F09B992E2912EE2F0072F739 /* ProfileTableViewHeader.swift */; };
		F0A082BF291412BB00E90F00 /* GoogleService-Info.plist in Resources */ = {isa = PBXBuildFile; fileRef = F0A082BE291412BB00E90F00 /* GoogleService-Info.plist */; };
		F0A082C2291413EF00E90F00 /* FirebaseAuth in Frameworks */ = {isa = PBXBuildFile; productRef = F0A082C1291413EF00E90F00 /* FirebaseAuth */; };
		F0A082C4291413EF00E90F00 /* FirebaseAuthCombine-Community in Frameworks */ = {isa = PBXBuildFile; productRef = F0A082C3291413EF00E90F00 /* FirebaseAuthCombine-Community */; };
		F0A082C6291413EF00E90F00 /* FirebaseFirestore in Frameworks */ = {isa = PBXBuildFile; productRef = F0A082C5291413EF00E90F00 /* FirebaseFirestore */; };
		F0A082C8291413EF00E90F00 /* FirebaseFirestoreCombine-Community in Frameworks */ = {isa = PBXBuildFile; productRef = F0A082C7291413EF00E90F00 /* FirebaseFirestoreCombine-Community */; };
		F0A082CA291413EF00E90F00 /* FirebaseStorage in Frameworks */ = {isa = PBXBuildFile; productRef = F0A082C9291413EF00E90F00 /* FirebaseStorage */; };
		F0A082CC291413EF00E90F00 /* FirebaseStorageCombine-Community in Frameworks */ = {isa = PBXBuildFile; productRef = F0A082CB291413EF00E90F00 /* FirebaseStorageCombine-Community */; };
		F0A082CF2914142E00E90F00 /* OnboardingViewController.swift in Sources */ = {isa = PBXBuildFile; fileRef = F0A082CE2914142E00E90F00 /* OnboardingViewController.swift */; };
		F0A48C692917124E00D035D5 /* LoginViewController.swift in Sources */ = {isa = PBXBuildFile; fileRef = F0A48C682917124E00D035D5 /* LoginViewController.swift */; };
		F0DB0D712916BDD900C73C3F /* RegisterViewController.swift in Sources */ = {isa = PBXBuildFile; fileRef = F0DB0D702916BDD900C73C3F /* RegisterViewController.swift */; };
		F0DB0D742916C18000C73C3F /* UITextField + extension.swift in Sources */ = {isa = PBXBuildFile; fileRef = F0DB0D732916C18000C73C3F /* UITextField + extension.swift */; };
		F0DB0D772916CB1C00C73C3F /* AuthViewModel.swift in Sources */ = {isa = PBXBuildFile; fileRef = F0DB0D762916CB1C00C73C3F /* AuthViewModel.swift */; };
		F0DB0D7A2916EC2300C73C3F /* ProgressHUD in Frameworks */ = {isa = PBXBuildFile; productRef = F0DB0D792916EC2300C73C3F /* ProgressHUD */; };
/* End PBXBuildFile section */

/* Begin PBXFileReference section */
		F099DE442911C74300367498 /* TwitterClone.app */ = {isa = PBXFileReference; explicitFileType = wrapper.application; includeInIndex = 0; path = TwitterClone.app; sourceTree = BUILT_PRODUCTS_DIR; };
		F099DE472911C74300367498 /* AppDelegate.swift */ = {isa = PBXFileReference; lastKnownFileType = sourcecode.swift; path = AppDelegate.swift; sourceTree = "<group>"; };
		F099DE4B2911C74300367498 /* MainTabBarViewController.swift */ = {isa = PBXFileReference; lastKnownFileType = sourcecode.swift; path = MainTabBarViewController.swift; sourceTree = "<group>"; };
		F099DE502911C74300367498 /* Assets.xcassets */ = {isa = PBXFileReference; lastKnownFileType = folder.assetcatalog; path = Assets.xcassets; sourceTree = "<group>"; };
		F099DE532911C74300367498 /* Base */ = {isa = PBXFileReference; lastKnownFileType = file.storyboard; name = Base; path = Base.lproj/LaunchScreen.storyboard; sourceTree = "<group>"; };
		F099DE552911C74300367498 /* Info.plist */ = {isa = PBXFileReference; lastKnownFileType = text.plist.xml; path = Info.plist; sourceTree = "<group>"; };
		F099DE5D2911CF5400367498 /* HomeViewController.swift */ = {isa = PBXFileReference; lastKnownFileType = sourcecode.swift; path = HomeViewController.swift; sourceTree = "<group>"; };
		F099DE5F2911CF5F00367498 /* SearchViewController.swift */ = {isa = PBXFileReference; lastKnownFileType = sourcecode.swift; path = SearchViewController.swift; sourceTree = "<group>"; };
		F099DE612911CF6A00367498 /* NotificationsViewController.swift */ = {isa = PBXFileReference; lastKnownFileType = sourcecode.swift; path = NotificationsViewController.swift; sourceTree = "<group>"; };
		F099DE632911CF7700367498 /* DirectMessagesViewController.swift */ = {isa = PBXFileReference; lastKnownFileType = sourcecode.swift; path = DirectMessagesViewController.swift; sourceTree = "<group>"; };
		F09B99262912A81A0072F739 /* TweetTableViewCell.swift */ = {isa = PBXFileReference; lastKnownFileType = sourcecode.swift; path = TweetTableViewCell.swift; sourceTree = "<group>"; };
		F09B992C2912E6560072F739 /* ProfileViewController.swift */ = {isa = PBXFileReference; lastKnownFileType = sourcecode.swift; path = ProfileViewController.swift; sourceTree = "<group>"; };
		F09B992E2912EE2F0072F739 /* ProfileTableViewHeader.swift */ = {isa = PBXFileReference; lastKnownFileType = sourcecode.swift; path = ProfileTableViewHeader.swift; sourceTree = "<group>"; };
		F0A082BE291412BB00E90F00 /* GoogleService-Info.plist */ = {isa = PBXFileReference; fileEncoding = 4; lastKnownFileType = text.plist.xml; path = "GoogleService-Info.plist"; sourceTree = "<group>"; };
		F0A082CE2914142E00E90F00 /* OnboardingViewController.swift */ = {isa = PBXFileReference; lastKnownFileType = sourcecode.swift; path = OnboardingViewController.swift; sourceTree = "<group>"; };
		F0A48C682917124E00D035D5 /* LoginViewController.swift */ = {isa = PBXFileReference; lastKnownFileType = sourcecode.swift; path = LoginViewController.swift; sourceTree = "<group>"; };
		F0DB0D702916BDD900C73C3F /* RegisterViewController.swift */ = {isa = PBXFileReference; lastKnownFileType = sourcecode.swift; path = RegisterViewController.swift; sourceTree = "<group>"; };
		F0DB0D732916C18000C73C3F /* UITextField + extension.swift */ = {isa = PBXFileReference; lastKnownFileType = sourcecode.swift; path = "UITextField + extension.swift"; sourceTree = "<group>"; };
		F0DB0D762916CB1C00C73C3F /* AuthViewModel.swift */ = {isa = PBXFileReference; lastKnownFileType = sourcecode.swift; path = AuthViewModel.swift; sourceTree = "<group>"; };
/* End PBXFileReference section */

/* Begin PBXFrameworksBuildPhase section */
		F099DE412911C74300367498 /* Frameworks */ = {
			isa = PBXFrameworksBuildPhase;
			buildActionMask = 2147483647;
			files = (
				F09B992A2912A8FF0072F739 /* SnapKit in Frameworks */,
				F0DB0D7A2916EC2300C73C3F /* ProgressHUD in Frameworks */,
				F0A082CC291413EF00E90F00 /* FirebaseStorageCombine-Community in Frameworks */,
				F0A082C6291413EF00E90F00 /* FirebaseFirestore in Frameworks */,
				F0A082C4291413EF00E90F00 /* FirebaseAuthCombine-Community in Frameworks */,
				F0A082C8291413EF00E90F00 /* FirebaseFirestoreCombine-Community in Frameworks */,
				F0A082C2291413EF00E90F00 /* FirebaseAuth in Frameworks */,
				F0A082CA291413EF00E90F00 /* FirebaseStorage in Frameworks */,
			);
			runOnlyForDeploymentPostprocessing = 0;
		};
/* End PBXFrameworksBuildPhase section */

/* Begin PBXGroup section */
		F099DE3B2911C74300367498 = {
			isa = PBXGroup;
			children = (
				F099DE462911C74300367498 /* TwitterClone */,
				F099DE452911C74300367498 /* Products */,
			);
			sourceTree = "<group>";
		};
		F099DE452911C74300367498 /* Products */ = {
			isa = PBXGroup;
			children = (
				F099DE442911C74300367498 /* TwitterClone.app */,
			);
			name = Products;
			sourceTree = "<group>";
		};
		F099DE462911C74300367498 /* TwitterClone */ = {
			isa = PBXGroup;
			children = (
				F0DB0D752916CB1000C73C3F /* ViewModels */,
				F0DB0D722916C09D00C73C3F /* Extension */,
				F09B99252912A7FB0072F739 /* Views */,
				F099DE5B2911CF0C00367498 /* Controllers */,
				F099DE472911C74300367498 /* AppDelegate.swift */,
				F099DE502911C74300367498 /* Assets.xcassets */,
				F099DE522911C74300367498 /* LaunchScreen.storyboard */,
				F099DE552911C74300367498 /* Info.plist */,
				F0A082BE291412BB00E90F00 /* GoogleService-Info.plist */,
			);
			path = TwitterClone;
			sourceTree = "<group>";
		};
		F099DE5B2911CF0C00367498 /* Controllers */ = {
			isa = PBXGroup;
			children = (
				F0A082CD2914141B00E90F00 /* Onboarding */,
				F09B992B2912E6170072F739 /* General */,
				F099DE5C2911CF3D00367498 /* MainTabBar */,
			);
			path = Controllers;
			sourceTree = "<group>";
		};
		F099DE5C2911CF3D00367498 /* MainTabBar */ = {
			isa = PBXGroup;
			children = (
				F099DE4B2911C74300367498 /* MainTabBarViewController.swift */,
				F099DE5D2911CF5400367498 /* HomeViewController.swift */,
				F099DE5F2911CF5F00367498 /* SearchViewController.swift */,
				F099DE612911CF6A00367498 /* NotificationsViewController.swift */,
				F099DE632911CF7700367498 /* DirectMessagesViewController.swift */,
			);
			path = MainTabBar;
			sourceTree = "<group>";
		};
		F09B99252912A7FB0072F739 /* Views */ = {
			isa = PBXGroup;
			children = (
				F09B99262912A81A0072F739 /* TweetTableViewCell.swift */,
				F09B992E2912EE2F0072F739 /* ProfileTableViewHeader.swift */,
			);
			path = Views;
			sourceTree = "<group>";
		};
		F09B992B2912E6170072F739 /* General */ = {
			isa = PBXGroup;
			children = (
				F09B992C2912E6560072F739 /* ProfileViewController.swift */,
			);
			path = General;
			sourceTree = "<group>";
		};
		F0A082CD2914141B00E90F00 /* Onboarding */ = {
			isa = PBXGroup;
			children = (
				F0A082CE2914142E00E90F00 /* OnboardingViewController.swift */,
				F0DB0D702916BDD900C73C3F /* RegisterViewController.swift */,
				F0A48C682917124E00D035D5 /* LoginViewController.swift */,
			);
			path = Onboarding;
			sourceTree = "<group>";
		};
		F0DB0D722916C09D00C73C3F /* Extension */ = {
			isa = PBXGroup;
			children = (
				F0DB0D732916C18000C73C3F /* UITextField + extension.swift */,
			);
			path = Extension;
			sourceTree = "<group>";
		};
		F0DB0D752916CB1000C73C3F /* ViewModels */ = {
			isa = PBXGroup;
			children = (
				F0DB0D762916CB1C00C73C3F /* AuthViewModel.swift */,
			);
			path = ViewModels;
			sourceTree = "<group>";
		};
/* End PBXGroup section */

/* Begin PBXNativeTarget section */
		F099DE432911C74300367498 /* TwitterClone */ = {
			isa = PBXNativeTarget;
			buildConfigurationList = F099DE582911C74300367498 /* Build configuration list for PBXNativeTarget "TwitterClone" */;
			buildPhases = (
				F099DE402911C74300367498 /* Sources */,
				F099DE412911C74300367498 /* Frameworks */,
				F099DE422911C74300367498 /* Resources */,
			);
			buildRules = (
			);
			dependencies = (
			);
			name = TwitterClone;
			packageProductDependencies = (
				F09B99292912A8FF0072F739 /* SnapKit */,
				F0A082C1291413EF00E90F00 /* FirebaseAuth */,
				F0A082C3291413EF00E90F00 /* FirebaseAuthCombine-Community */,
				F0A082C5291413EF00E90F00 /* FirebaseFirestore */,
				F0A082C7291413EF00E90F00 /* FirebaseFirestoreCombine-Community */,
				F0A082C9291413EF00E90F00 /* FirebaseStorage */,
				F0A082CB291413EF00E90F00 /* FirebaseStorageCombine-Community */,
				F0DB0D792916EC2300C73C3F /* ProgressHUD */,
			);
			productName = TwitterClone;
			productReference = F099DE442911C74300367498 /* TwitterClone.app */;
			productType = "com.apple.product-type.application";
		};
/* End PBXNativeTarget section */

/* Begin PBXProject section */
		F099DE3C2911C74300367498 /* Project object */ = {
			isa = PBXProject;
			attributes = {
				BuildIndependentTargetsInParallel = 1;
				LastSwiftUpdateCheck = 1330;
				LastUpgradeCheck = 1330;
				TargetAttributes = {
					F099DE432911C74300367498 = {
						CreatedOnToolsVersion = 13.3;
					};
				};
			};
			buildConfigurationList = F099DE3F2911C74300367498 /* Build configuration list for PBXProject "TwitterClone" */;
			compatibilityVersion = "Xcode 13.0";
			developmentRegion = en;
			hasScannedForEncodings = 0;
			knownRegions = (
				en,
				Base,
			);
			mainGroup = F099DE3B2911C74300367498;
			packageReferences = (
				F09B99282912A8FF0072F739 /* XCRemoteSwiftPackageReference "SnapKit" */,
				F0A082C0291413EF00E90F00 /* XCRemoteSwiftPackageReference "firebase-ios-sdk" */,
				F0DB0D782916EC2300C73C3F /* XCRemoteSwiftPackageReference "ProgressHUD" */,
			);
			productRefGroup = F099DE452911C74300367498 /* Products */;
			projectDirPath = "";
			projectRoot = "";
			targets = (
				F099DE432911C74300367498 /* TwitterClone */,
			);
		};
/* End PBXProject section */

/* Begin PBXResourcesBuildPhase section */
		F099DE422911C74300367498 /* Resources */ = {
			isa = PBXResourcesBuildPhase;
			buildActionMask = 2147483647;
			files = (
				F099DE542911C74300367498 /* LaunchScreen.storyboard in Resources */,
				F099DE512911C74300367498 /* Assets.xcassets in Resources */,
				F0A082BF291412BB00E90F00 /* GoogleService-Info.plist in Resources */,
			);
			runOnlyForDeploymentPostprocessing = 0;
		};
/* End PBXResourcesBuildPhase section */

/* Begin PBXSourcesBuildPhase section */
		F099DE402911C74300367498 /* Sources */ = {
			isa = PBXSourcesBuildPhase;
			buildActionMask = 2147483647;
			files = (
				F0A48C692917124E00D035D5 /* LoginViewController.swift in Sources */,
				F099DE622911CF6A00367498 /* NotificationsViewController.swift in Sources */,
				F0DB0D712916BDD900C73C3F /* RegisterViewController.swift in Sources */,
				F099DE4C2911C74300367498 /* MainTabBarViewController.swift in Sources */,
				F099DE482911C74300367498 /* AppDelegate.swift in Sources */,
				F099DE602911CF5F00367498 /* SearchViewController.swift in Sources */,
				F099DE5E2911CF5400367498 /* HomeViewController.swift in Sources */,
				F099DE642911CF7700367498 /* DirectMessagesViewController.swift in Sources */,
				F0DB0D742916C18000C73C3F /* UITextField + extension.swift in Sources */,
				F0DB0D772916CB1C00C73C3F /* AuthViewModel.swift in Sources */,
				F09B992D2912E6560072F739 /* ProfileViewController.swift in Sources */,
				F0A082CF2914142E00E90F00 /* OnboardingViewController.swift in Sources */,
				F09B992F2912EE2F0072F739 /* ProfileTableViewHeader.swift in Sources */,
				F09B99272912A81A0072F739 /* TweetTableViewCell.swift in Sources */,
			);
			runOnlyForDeploymentPostprocessing = 0;
		};
/* End PBXSourcesBuildPhase section */

/* Begin PBXVariantGroup section */
		F099DE522911C74300367498 /* LaunchScreen.storyboard */ = {
			isa = PBXVariantGroup;
			children = (
				F099DE532911C74300367498 /* Base */,
			);
			name = LaunchScreen.storyboard;
			sourceTree = "<group>";
		};
/* End PBXVariantGroup section */

/* Begin XCBuildConfiguration section */
		F099DE562911C74300367498 /* Debug */ = {
			isa = XCBuildConfiguration;
			buildSettings = {
				ALWAYS_SEARCH_USER_PATHS = NO;
				CLANG_ANALYZER_NONNULL = YES;
				CLANG_ANALYZER_NUMBER_OBJECT_CONVERSION = YES_AGGRESSIVE;
				CLANG_CXX_LANGUAGE_STANDARD = "gnu++17";
				CLANG_ENABLE_MODULES = YES;
				CLANG_ENABLE_OBJC_ARC = YES;
				CLANG_ENABLE_OBJC_WEAK = YES;
				CLANG_WARN_BLOCK_CAPTURE_AUTORELEASING = YES;
				CLANG_WARN_BOOL_CONVERSION = YES;
				CLANG_WARN_COMMA = YES;
				CLANG_WARN_CONSTANT_CONVERSION = YES;
				CLANG_WARN_DEPRECATED_OBJC_IMPLEMENTATIONS = YES;
				CLANG_WARN_DIRECT_OBJC_ISA_USAGE = YES_ERROR;
				CLANG_WARN_DOCUMENTATION_COMMENTS = YES;
				CLANG_WARN_EMPTY_BODY = YES;
				CLANG_WARN_ENUM_CONVERSION = YES;
				CLANG_WARN_INFINITE_RECURSION = YES;
				CLANG_WARN_INT_CONVERSION = YES;
				CLANG_WARN_NON_LITERAL_NULL_CONVERSION = YES;
				CLANG_WARN_OBJC_IMPLICIT_RETAIN_SELF = YES;
				CLANG_WARN_OBJC_LITERAL_CONVERSION = YES;
				CLANG_WARN_OBJC_ROOT_CLASS = YES_ERROR;
				CLANG_WARN_QUOTED_INCLUDE_IN_FRAMEWORK_HEADER = YES;
				CLANG_WARN_RANGE_LOOP_ANALYSIS = YES;
				CLANG_WARN_STRICT_PROTOTYPES = YES;
				CLANG_WARN_SUSPICIOUS_MOVE = YES;
				CLANG_WARN_UNGUARDED_AVAILABILITY = YES_AGGRESSIVE;
				CLANG_WARN_UNREACHABLE_CODE = YES;
				CLANG_WARN__DUPLICATE_METHOD_MATCH = YES;
				COPY_PHASE_STRIP = NO;
				DEBUG_INFORMATION_FORMAT = dwarf;
				ENABLE_STRICT_OBJC_MSGSEND = YES;
				ENABLE_TESTABILITY = YES;
				GCC_C_LANGUAGE_STANDARD = gnu11;
				GCC_DYNAMIC_NO_PIC = NO;
				GCC_NO_COMMON_BLOCKS = YES;
				GCC_OPTIMIZATION_LEVEL = 0;
				GCC_PREPROCESSOR_DEFINITIONS = (
					"DEBUG=1",
					"$(inherited)",
				);
				GCC_WARN_64_TO_32_BIT_CONVERSION = YES;
				GCC_WARN_ABOUT_RETURN_TYPE = YES_ERROR;
				GCC_WARN_UNDECLARED_SELECTOR = YES;
				GCC_WARN_UNINITIALIZED_AUTOS = YES_AGGRESSIVE;
				GCC_WARN_UNUSED_FUNCTION = YES;
				GCC_WARN_UNUSED_VARIABLE = YES;
				IPHONEOS_DEPLOYMENT_TARGET = 15.4;
				MTL_ENABLE_DEBUG_INFO = INCLUDE_SOURCE;
				MTL_FAST_MATH = YES;
				ONLY_ACTIVE_ARCH = YES;
				SDKROOT = iphoneos;
				SWIFT_ACTIVE_COMPILATION_CONDITIONS = DEBUG;
				SWIFT_OPTIMIZATION_LEVEL = "-Onone";
			};
			name = Debug;
		};
		F099DE572911C74300367498 /* Release */ = {
			isa = XCBuildConfiguration;
			buildSettings = {
				ALWAYS_SEARCH_USER_PATHS = NO;
				CLANG_ANALYZER_NONNULL = YES;
				CLANG_ANALYZER_NUMBER_OBJECT_CONVERSION = YES_AGGRESSIVE;
				CLANG_CXX_LANGUAGE_STANDARD = "gnu++17";
				CLANG_ENABLE_MODULES = YES;
				CLANG_ENABLE_OBJC_ARC = YES;
				CLANG_ENABLE_OBJC_WEAK = YES;
				CLANG_WARN_BLOCK_CAPTURE_AUTORELEASING = YES;
				CLANG_WARN_BOOL_CONVERSION = YES;
				CLANG_WARN_COMMA = YES;
				CLANG_WARN_CONSTANT_CONVERSION = YES;
				CLANG_WARN_DEPRECATED_OBJC_IMPLEMENTATIONS = YES;
				CLANG_WARN_DIRECT_OBJC_ISA_USAGE = YES_ERROR;
				CLANG_WARN_DOCUMENTATION_COMMENTS = YES;
				CLANG_WARN_EMPTY_BODY = YES;
				CLANG_WARN_ENUM_CONVERSION = YES;
				CLANG_WARN_INFINITE_RECURSION = YES;
				CLANG_WARN_INT_CONVERSION = YES;
				CLANG_WARN_NON_LITERAL_NULL_CONVERSION = YES;
				CLANG_WARN_OBJC_IMPLICIT_RETAIN_SELF = YES;
				CLANG_WARN_OBJC_LITERAL_CONVERSION = YES;
				CLANG_WARN_OBJC_ROOT_CLASS = YES_ERROR;
				CLANG_WARN_QUOTED_INCLUDE_IN_FRAMEWORK_HEADER = YES;
				CLANG_WARN_RANGE_LOOP_ANALYSIS = YES;
				CLANG_WARN_STRICT_PROTOTYPES = YES;
				CLANG_WARN_SUSPICIOUS_MOVE = YES;
				CLANG_WARN_UNGUARDED_AVAILABILITY = YES_AGGRESSIVE;
				CLANG_WARN_UNREACHABLE_CODE = YES;
				CLANG_WARN__DUPLICATE_METHOD_MATCH = YES;
				COPY_PHASE_STRIP = NO;
				DEBUG_INFORMATION_FORMAT = "dwarf-with-dsym";
				ENABLE_NS_ASSERTIONS = NO;
				ENABLE_STRICT_OBJC_MSGSEND = YES;
				GCC_C_LANGUAGE_STANDARD = gnu11;
				GCC_NO_COMMON_BLOCKS = YES;
				GCC_WARN_64_TO_32_BIT_CONVERSION = YES;
				GCC_WARN_ABOUT_RETURN_TYPE = YES_ERROR;
				GCC_WARN_UNDECLARED_SELECTOR = YES;
				GCC_WARN_UNINITIALIZED_AUTOS = YES_AGGRESSIVE;
				GCC_WARN_UNUSED_FUNCTION = YES;
				GCC_WARN_UNUSED_VARIABLE = YES;
				IPHONEOS_DEPLOYMENT_TARGET = 15.4;
				MTL_ENABLE_DEBUG_INFO = NO;
				MTL_FAST_MATH = YES;
				SDKROOT = iphoneos;
				SWIFT_COMPILATION_MODE = wholemodule;
				SWIFT_OPTIMIZATION_LEVEL = "-O";
				VALIDATE_PRODUCT = YES;
			};
			name = Release;
		};
		F099DE592911C74300367498 /* Debug */ = {
			isa = XCBuildConfiguration;
			buildSettings = {
				ASSETCATALOG_COMPILER_APPICON_NAME = AppIcon;
				ASSETCATALOG_COMPILER_GLOBAL_ACCENT_COLOR_NAME = AccentColor;
				CODE_SIGN_STYLE = Automatic;
				CURRENT_PROJECT_VERSION = 1;
				DEVELOPMENT_TEAM = 7FLPT7M2FL;
				GENERATE_INFOPLIST_FILE = YES;
				INFOPLIST_FILE = TwitterClone/Info.plist;
				INFOPLIST_KEY_UIApplicationSupportsIndirectInputEvents = YES;
				INFOPLIST_KEY_UILaunchStoryboardName = LaunchScreen;
				INFOPLIST_KEY_UISupportedInterfaceOrientations_iPad = "UIInterfaceOrientationPortrait UIInterfaceOrientationPortraitUpsideDown UIInterfaceOrientationLandscapeLeft UIInterfaceOrientationLandscapeRight";
				INFOPLIST_KEY_UISupportedInterfaceOrientations_iPhone = "UIInterfaceOrientationPortrait UIInterfaceOrientationLandscapeLeft UIInterfaceOrientationLandscapeRight";
				LD_RUNPATH_SEARCH_PATHS = (
					"$(inherited)",
					"@executable_path/Frameworks",
				);
				MARKETING_VERSION = 1.0;
				PRODUCT_BUNDLE_IDENTIFIER = com.mehmetbilir.TwitterClone;
				PRODUCT_NAME = "$(TARGET_NAME)";
				SWIFT_EMIT_LOC_STRINGS = YES;
				SWIFT_VERSION = 5.0;
				TARGETED_DEVICE_FAMILY = "1,2";
			};
			name = Debug;
		};
		F099DE5A2911C74300367498 /* Release */ = {
			isa = XCBuildConfiguration;
			buildSettings = {
				ASSETCATALOG_COMPILER_APPICON_NAME = AppIcon;
				ASSETCATALOG_COMPILER_GLOBAL_ACCENT_COLOR_NAME = AccentColor;
				CODE_SIGN_STYLE = Automatic;
				CURRENT_PROJECT_VERSION = 1;
				DEVELOPMENT_TEAM = 7FLPT7M2FL;
				GENERATE_INFOPLIST_FILE = YES;
				INFOPLIST_FILE = TwitterClone/Info.plist;
				INFOPLIST_KEY_UIApplicationSupportsIndirectInputEvents = YES;
				INFOPLIST_KEY_UILaunchStoryboardName = LaunchScreen;
				INFOPLIST_KEY_UISupportedInterfaceOrientations_iPad = "UIInterfaceOrientationPortrait UIInterfaceOrientationPortraitUpsideDown UIInterfaceOrientationLandscapeLeft UIInterfaceOrientationLandscapeRight";
				INFOPLIST_KEY_UISupportedInterfaceOrientations_iPhone = "UIInterfaceOrientationPortrait UIInterfaceOrientationLandscapeLeft UIInterfaceOrientationLandscapeRight";
				LD_RUNPATH_SEARCH_PATHS = (
					"$(inherited)",
					"@executable_path/Frameworks",
				);
				MARKETING_VERSION = 1.0;
				PRODUCT_BUNDLE_IDENTIFIER = com.mehmetbilir.TwitterClone;
				PRODUCT_NAME = "$(TARGET_NAME)";
				SWIFT_EMIT_LOC_STRINGS = YES;
				SWIFT_VERSION = 5.0;
				TARGETED_DEVICE_FAMILY = "1,2";
			};
			name = Release;
		};
/* End XCBuildConfiguration section */

/* Begin XCConfigurationList section */
		F099DE3F2911C74300367498 /* Build configuration list for PBXProject "TwitterClone" */ = {
			isa = XCConfigurationList;
			buildConfigurations = (
				F099DE562911C74300367498 /* Debug */,
				F099DE572911C74300367498 /* Release */,
			);
			defaultConfigurationIsVisible = 0;
			defaultConfigurationName = Release;
		};
		F099DE582911C74300367498 /* Build configuration list for PBXNativeTarget "TwitterClone" */ = {
			isa = XCConfigurationList;
			buildConfigurations = (
				F099DE592911C74300367498 /* Debug */,
				F099DE5A2911C74300367498 /* Release */,
			);
			defaultConfigurationIsVisible = 0;
			defaultConfigurationName = Release;
		};
/* End XCConfigurationList section */

/* Begin XCRemoteSwiftPackageReference section */
		F09B99282912A8FF0072F739 /* XCRemoteSwiftPackageReference "SnapKit" */ = {
			isa = XCRemoteSwiftPackageReference;
			repositoryURL = "https://github.com/SnapKit/SnapKit.git";
			requirement = {
				branch = develop;
				kind = branch;
			};
		};
		F0A082C0291413EF00E90F00 /* XCRemoteSwiftPackageReference "firebase-ios-sdk" */ = {
			isa = XCRemoteSwiftPackageReference;
			repositoryURL = "https://github.com/firebase/firebase-ios-sdk";
			requirement = {
				kind = upToNextMajorVersion;
				minimumVersion = 9.0.0;
			};
		};
		F0DB0D782916EC2300C73C3F /* XCRemoteSwiftPackageReference "ProgressHUD" */ = {
			isa = XCRemoteSwiftPackageReference;
			repositoryURL = "https://github.com/relatedcode/ProgressHUD.git";
			requirement = {
				kind = upToNextMajorVersion;
				minimumVersion = 13.0.0;
			};
		};
/* End XCRemoteSwiftPackageReference section */

/* Begin XCSwiftPackageProductDependency section */
		F09B99292912A8FF0072F739 /* SnapKit */ = {
			isa = XCSwiftPackageProductDependency;
			package = F09B99282912A8FF0072F739 /* XCRemoteSwiftPackageReference "SnapKit" */;
			productName = SnapKit;
		};
		F0A082C1291413EF00E90F00 /* FirebaseAuth */ = {
			isa = XCSwiftPackageProductDependency;
			package = F0A082C0291413EF00E90F00 /* XCRemoteSwiftPackageReference "firebase-ios-sdk" */;
			productName = FirebaseAuth;
		};
		F0A082C3291413EF00E90F00 /* FirebaseAuthCombine-Community */ = {
			isa = XCSwiftPackageProductDependency;
			package = F0A082C0291413EF00E90F00 /* XCRemoteSwiftPackageReference "firebase-ios-sdk" */;
			productName = "FirebaseAuthCombine-Community";
		};
		F0A082C5291413EF00E90F00 /* FirebaseFirestore */ = {
			isa = XCSwiftPackageProductDependency;
			package = F0A082C0291413EF00E90F00 /* XCRemoteSwiftPackageReference "firebase-ios-sdk" */;
			productName = FirebaseFirestore;
		};
		F0A082C7291413EF00E90F00 /* FirebaseFirestoreCombine-Community */ = {
			isa = XCSwiftPackageProductDependency;
			package = F0A082C0291413EF00E90F00 /* XCRemoteSwiftPackageReference "firebase-ios-sdk" */;
			productName = "FirebaseFirestoreCombine-Community";
		};
		F0A082C9291413EF00E90F00 /* FirebaseStorage */ = {
			isa = XCSwiftPackageProductDependency;
			package = F0A082C0291413EF00E90F00 /* XCRemoteSwiftPackageReference "firebase-ios-sdk" */;
			productName = FirebaseStorage;
		};
		F0A082CB291413EF00E90F00 /* FirebaseStorageCombine-Community */ = {
			isa = XCSwiftPackageProductDependency;
			package = F0A082C0291413EF00E90F00 /* XCRemoteSwiftPackageReference "firebase-ios-sdk" */;
			productName = "FirebaseStorageCombine-Community";
		};
		F0DB0D792916EC2300C73C3F /* ProgressHUD */ = {
			isa = XCSwiftPackageProductDependency;
			package = F0DB0D782916EC2300C73C3F /* XCRemoteSwiftPackageReference "ProgressHUD" */;
			productName = ProgressHUD;
		};
/* End XCSwiftPackageProductDependency section */
	};
	rootObject = F099DE3C2911C74300367498 /* Project object */;
}
